Microsoft Visual Studio Solution File, Format Version 12.00
# Visual Studio Version 16
VisualStudioVersion = 16.0.31624.102
MinimumVisualStudioVersion = 10.0.40219.1
Project("{9A19103F-16F7-4668-BE54-9A1E7A4F7556}") = "TheLeftExit.TeslaX.Headless", "Demos\TheLeftExit.TeslaX.Headless\TheLeftExit.TeslaX.Headless.csproj", "{7409622F-632E-4897-85F5-9D70F1DEF7A5}"
EndProject
Project("{9A19103F-16F7-4668-BE54-9A1E7A4F7556}") = "TheLeftExit.Growtopia.Decoding", "TheLeftExit.Growtopia.Decoding\TheLeftExit.Growtopia.Decoding.csproj", "{7AF6778E-C198-412F-BB5D-83200AC83D51}"
EndProject
Project("{9A19103F-16F7-4668-BE54-9A1E7A4F7556}") = "TheLeftExit.TeslaX", "TheLeftExit.TeslaX\TheLeftExit.TeslaX.csproj", "{CADD13B7-220D-4C38-AB0C-F3B0BECFB828}"
EndProject
Project("{9A19103F-16F7-4668-BE54-9A1E7A4F7556}") = "TheLeftExit.Itemsplorer", "Demos\TheLeftExit.Itemsplorer\TheLeftExit.Itemsplorer.csproj", "{F598939C-D64A-4131-8271-C69E4D08132F}"
EndProject
Project("{9A19103F-16F7-4668-BE54-9A1E7A4F7556}") = "TheLeftExit.Memory", "TheLeftExit.Memory\TheLeftExit.Memory.csproj", "{E9777383-373B-4A13-B3FB-0E268E6CEF92}"
EndProject
Project("{9A19103F-16F7-4668-BE54-9A1E7A4F7556}") = "TheLeftExit.Growtopia.ObjectModel", "TheLeftExit.Growtopia.ObjectModel\TheLeftExit.Growtopia.ObjectModel.csproj", "{E2412C2F-2D91-4447-BCF3-3AA48D484882}"
EndProject
Project("{FAE04EC0-301F-11D3-BF4B-00C04F79EFBC}") = "TheLeftExit.LibraryDemo", "TheLeftExit.LibraryDemo\TheLeftExit.LibraryDemo.csproj", "{B786609C-E5A8-483E-90D6-1A2D87EF55D2}"
EndProject
Global
	GlobalSection(SolutionConfigurationPlatforms) = preSolution
		Debug|Any CPU = Debug|Any CPU
		Debug|x64 = Debug|x64
		Release|Any CPU = Release|Any CPU
		Release|x64 = Release|x64
	EndGlobalSection
	GlobalSection(ProjectConfigurationPlatforms) = postSolution
		{7409622F-632E-4897-85F5-9D70F1DEF7A5}.Debug|Any CPU.ActiveCfg = Debug|Any CPU
		{7409622F-632E-4897-85F5-9D70F1DEF7A5}.Debug|Any CPU.Build.0 = Debug|Any CPU
		{7409622F-632E-4897-85F5-9D70F1DEF7A5}.Debug|x64.ActiveCfg = Debug|x64
		{7409622F-632E-4897-85F5-9D70F1DEF7A5}.Debug|x64.Build.0 = Debug|x64
		{7409622F-632E-4897-85F5-9D70F1DEF7A5}.Release|Any CPU.ActiveCfg = Release|Any CPU
		{7409622F-632E-4897-85F5-9D70F1DEF7A5}.Release|Any CPU.Build.0 = Release|Any CPU
		{7409622F-632E-4897-85F5-9D70F1DEF7A5}.Release|x64.ActiveCfg = Release|x64
		{7409622F-632E-4897-85F5-9D70F1DEF7A5}.Release|x64.Build.0 = Release|x64
		{7AF6778E-C198-412F-BB5D-83200AC83D51}.Debug|Any CPU.ActiveCfg = Debug|Any CPU
		{7AF6778E-C198-412F-BB5D-83200AC83D51}.Debug|Any CPU.Build.0 = Debug|Any CPU
		{7AF6778E-C198-412F-BB5D-83200AC83D51}.Debug|x64.ActiveCfg = Debug|x64
		{7AF6778E-C198-412F-BB5D-83200AC83D51}.Debug|x64.Build.0 = Debug|x64
		{7AF6778E-C198-412F-BB5D-83200AC83D51}.Release|Any CPU.ActiveCfg = Release|Any CPU
		{7AF6778E-C198-412F-BB5D-83200AC83D51}.Release|Any CPU.Build.0 = Release|Any CPU
		{7AF6778E-C198-412F-BB5D-83200AC83D51}.Release|x64.ActiveCfg = Release|x64
		{7AF6778E-C198-412F-BB5D-83200AC83D51}.Release|x64.Build.0 = Release|x64
		{CADD13B7-220D-4C38-AB0C-F3B0BECFB828}.Debug|Any CPU.ActiveCfg = Debug|Any CPU
		{CADD13B7-220D-4C38-AB0C-F3B0BECFB828}.Debug|Any CPU.Build.0 = Debug|Any CPU
		{CADD13B7-220D-4C38-AB0C-F3B0BECFB828}.Debug|x64.ActiveCfg = Debug|x64
		{CADD13B7-220D-4C38-AB0C-F3B0BECFB828}.Debug|x64.Build.0 = Debug|x64
		{CADD13B7-220D-4C38-AB0C-F3B0BECFB828}.Release|Any CPU.ActiveCfg = Release|Any CPU
		{CADD13B7-220D-4C38-AB0C-F3B0BECFB828}.Release|Any CPU.Build.0 = Release|Any CPU
		{CADD13B7-220D-4C38-AB0C-F3B0BECFB828}.Release|x64.ActiveCfg = Release|x64
		{CADD13B7-220D-4C38-AB0C-F3B0BECFB828}.Release|x64.Build.0 = Release|x64
		{F598939C-D64A-4131-8271-C69E4D08132F}.Debug|Any CPU.ActiveCfg = Debug|Any CPU
		{F598939C-D64A-4131-8271-C69E4D08132F}.Debug|Any CPU.Build.0 = Debug|Any CPU
		{F598939C-D64A-4131-8271-C69E4D08132F}.Debug|x64.ActiveCfg = Debug|x64
		{F598939C-D64A-4131-8271-C69E4D08132F}.Debug|x64.Build.0 = Debug|x64
		{F598939C-D64A-4131-8271-C69E4D08132F}.Release|Any CPU.ActiveCfg = Release|Any CPU
		{F598939C-D64A-4131-8271-C69E4D08132F}.Release|Any CPU.Build.0 = Release|Any CPU
		{F598939C-D64A-4131-8271-C69E4D08132F}.Release|x64.ActiveCfg = Release|x64
		{F598939C-D64A-4131-8271-C69E4D08132F}.Release|x64.Build.0 = Release|x64
		{E9777383-373B-4A13-B3FB-0E268E6CEF92}.Debug|Any CPU.ActiveCfg = Debug|Any CPU
		{E9777383-373B-4A13-B3FB-0E268E6CEF92}.Debug|Any CPU.Build.0 = Debug|Any CPU
		{E9777383-373B-4A13-B3FB-0E268E6CEF92}.Debug|x64.ActiveCfg = Debug|x64
		{E9777383-373B-4A13-B3FB-0E268E6CEF92}.Debug|x64.Build.0 = Debug|x64
		{E9777383-373B-4A13-B3FB-0E268E6CEF92}.Release|Any CPU.ActiveCfg = Release|Any CPU
		{E9777383-373B-4A13-B3FB-0E268E6CEF92}.Release|Any CPU.Build.0 = Release|Any CPU
		{E9777383-373B-4A13-B3FB-0E268E6CEF92}.Release|x64.ActiveCfg = Release|x64
		{E9777383-373B-4A13-B3FB-0E268E6CEF92}.Release|x64.Build.0 = Release|x64
		{E2412C2F-2D91-4447-BCF3-3AA48D484882}.Debug|Any CPU.ActiveCfg = Debug|Any CPU
		{E2412C2F-2D91-4447-BCF3-3AA48D484882}.Debug|Any CPU.Build.0 = Debug|Any CPU
		{E2412C2F-2D91-4447-BCF3-3AA48D484882}.Debug|x64.ActiveCfg = Debug|x64
		{E2412C2F-2D91-4447-BCF3-3AA48D484882}.Debug|x64.Build.0 = Debug|x64
		{E2412C2F-2D91-4447-BCF3-3AA48D484882}.Release|Any CPU.ActiveCfg = Release|Any CPU
		{E2412C2F-2D91-4447-BCF3-3AA48D484882}.Release|Any CPU.Build.0 = Release|Any CPU
		{E2412C2F-2D91-4447-BCF3-3AA48D484882}.Release|x64.ActiveCfg = Release|x64
		{E2412C2F-2D91-4447-BCF3-3AA48D484882}.Release|x64.Build.0 = Release|x64
		{B786609C-E5A8-483E-90D6-1A2D87EF55D2}.Debug|Any CPU.ActiveCfg = Debug|Any CPU
		{B786609C-E5A8-483E-90D6-1A2D87EF55D2}.Debug|Any CPU.Build.0 = Debug|Any CPU
		{B786609C-E5A8-483E-90D6-1A2D87EF55D2}.Debug|x64.ActiveCfg = Debug|Any CPU
		{B786609C-E5A8-483E-90D6-1A2D87EF55D2}.Debug|x64.Build.0 = Debug|Any CPU
		{B786609C-E5A8-483E-90D6-1A2D87EF55D2}.Release|Any CPU.ActiveCfg = Release|Any CPU
		{B786609C-E5A8-483E-90D6-1A2D87EF55D2}.Release|Any CPU.Build.0 = Release|Any CPU
		{B786609C-E5A8-483E-90D6-1A2D87EF55D2}.Release|x64.ActiveCfg = Release|Any CPU
		{B786609C-E5A8-483E-90D6-1A2D87EF55D2}.Release|x64.Build.0 = Release|Any CPU
	EndGlobalSection
	GlobalSection(SolutionProperties) = preSolution
		HideSolutionNode = FALSE
	EndGlobalSection
	GlobalSection(ExtensibilityGlobals) = postSolution
		SolutionGuid = {00DAAA25-6C96-4492-A6A1-7B2B8AF8043D}
	EndGlobalSection
EndGlobal
