
Microsoft Visual Studio Solution File, Format Version 12.00
# Visual Studio Version 17
VisualStudioVersion = 17.0.31521.260
MinimumVisualStudioVersion = 10.0.40219.1
Project("{9A19103F-16F7-4668-BE54-9A1E7A4F7556}") = "TheLeftExit.Memory", "TheLeftExit.Memory\TheLeftExit.Memory.csproj", "{690ED1EF-4306-4E3F-B344-F553A8D411B9}"
EndProject
Project("{9A19103F-16F7-4668-BE54-9A1E7A4F7556}") = "Sandbox", "Sandbox\Sandbox.csproj", "{7409622F-632E-4897-85F5-9D70F1DEF7A5}"
EndProject
Project("{9A19103F-16F7-4668-BE54-9A1E7A4F7556}") = "TheLeftExit.Growtopia", "TheLeftExit.Growtopia\TheLeftExit.Growtopia.csproj", "{7AF6778E-C198-412F-BB5D-83200AC83D51}"
EndProject
Global
	GlobalSection(SolutionConfigurationPlatforms) = preSolution
		Debug|Any CPU = Debug|Any CPU
		Release|Any CPU = Release|Any CPU
	EndGlobalSection
	GlobalSection(ProjectConfigurationPlatforms) = postSolution
		{690ED1EF-4306-4E3F-B344-F553A8D411B9}.Debug|Any CPU.ActiveCfg = Debug|Any CPU
		{690ED1EF-4306-4E3F-B344-F553A8D411B9}.Debug|Any CPU.Build.0 = Debug|Any CPU
		{690ED1EF-4306-4E3F-B344-F553A8D411B9}.Release|Any CPU.ActiveCfg = Release|Any CPU
		{690ED1EF-4306-4E3F-B344-F553A8D411B9}.Release|Any CPU.Build.0 = Release|Any CPU
		{7409622F-632E-4897-85F5-9D70F1DEF7A5}.Debug|Any CPU.ActiveCfg = Debug|Any CPU
		{7409622F-632E-4897-85F5-9D70F1DEF7A5}.Debug|Any CPU.Build.0 = Debug|Any CPU
		{7409622F-632E-4897-85F5-9D70F1DEF7A5}.Release|Any CPU.ActiveCfg = Release|Any CPU
		{7409622F-632E-4897-85F5-9D70F1DEF7A5}.Release|Any CPU.Build.0 = Release|Any CPU
		{7AF6778E-C198-412F-BB5D-83200AC83D51}.Debug|Any CPU.ActiveCfg = Debug|Any CPU
		{7AF6778E-C198-412F-BB5D-83200AC83D51}.Debug|Any CPU.Build.0 = Debug|Any CPU
		{7AF6778E-C198-412F-BB5D-83200AC83D51}.Release|Any CPU.ActiveCfg = Release|Any CPU
		{7AF6778E-C198-412F-BB5D-83200AC83D51}.Release|Any CPU.Build.0 = Release|Any CPU
	EndGlobalSection
	GlobalSection(SolutionProperties) = preSolution
		HideSolutionNode = FALSE
	EndGlobalSection
	GlobalSection(ExtensibilityGlobals) = postSolution
		SolutionGuid = {00DAAA25-6C96-4492-A6A1-7B2B8AF8043D}
	EndGlobalSection
EndGlobal
